// !$*UTF8*$!
{
	archiveVersion = 1;
	classes = {
	};
	objectVersion = 56;
	objects = {

/* Begin PBXBuildFile section */
		500688532B1EFBCE0036B631 /* CustomTextField.swift in Sources */ = {isa = PBXBuildFile; fileRef = 500688522B1EFBCE0036B631 /* CustomTextField.swift */; };
		500688552B1EFCAF0036B631 /* DayScheduleView.swift in Sources */ = {isa = PBXBuildFile; fileRef = 500688542B1EFCAF0036B631 /* DayScheduleView.swift */; };
		500688572B1EFD3F0036B631 /* Event.swift in Sources */ = {isa = PBXBuildFile; fileRef = 500688562B1EFD3F0036B631 /* Event.swift */; };
		500A96412B1A2D9E007BA636 /* CalendarNavBar.swift in Sources */ = {isa = PBXBuildFile; fileRef = 500A96402B1A2D9E007BA636 /* CalendarNavBar.swift */; };
		500A96432B1A2DC1007BA636 /* ClubNavBar.swift in Sources */ = {isa = PBXBuildFile; fileRef = 500A96422B1A2DC1007BA636 /* ClubNavBar.swift */; };
		500A96462B1A31B1007BA636 /* RoundedCorner.swift in Sources */ = {isa = PBXBuildFile; fileRef = 500A96452B1A31B1007BA636 /* RoundedCorner.swift */; };
		501945D02B07A6D50072E148 /* EventView.swift in Sources */ = {isa = PBXBuildFile; fileRef = 501945CF2B07A6D50072E148 /* EventView.swift */; };
		5052F8FA2B2008F300C2BC2B /* DayEventView.swift in Sources */ = {isa = PBXBuildFile; fileRef = 5052F8F92B2008F300C2BC2B /* DayEventView.swift */; };
		5052F8FC2B202C3200C2BC2B /* DateSelectorView.swift in Sources */ = {isa = PBXBuildFile; fileRef = 5052F8FB2B202C3200C2BC2B /* DateSelectorView.swift */; };
		5052F8FE2B202D0000C2BC2B /* ListView.swift in Sources */ = {isa = PBXBuildFile; fileRef = 5052F8FD2B202D0000C2BC2B /* ListView.swift */; };
		5052F9002B202D6600C2BC2B /* ColView.swift in Sources */ = {isa = PBXBuildFile; fileRef = 5052F8FF2B202D6600C2BC2B /* ColView.swift */; };
		5052F9022B20313000C2BC2B /* CreateEventView.swift in Sources */ = {isa = PBXBuildFile; fileRef = 5052F9012B20313000C2BC2B /* CreateEventView.swift */; };
		5058BC902AF09766007B3628 /* Profile.swift in Sources */ = {isa = PBXBuildFile; fileRef = 5058BC8F2AF09766007B3628 /* Profile.swift */; };
		5058BC932AF1DDBB007B3628 /* Account.swift in Sources */ = {isa = PBXBuildFile; fileRef = 5058BC922AF1DDBB007B3628 /* Account.swift */; };
		5094CB282AFBEF9B005FB29E /* Hubmain.swift in Sources */ = {isa = PBXBuildFile; fileRef = 5094CB272AFBEF9B005FB29E /* Hubmain.swift */; };
		5094CB2B2AFE6F1D005FB29E /* Clubmain.swift in Sources */ = {isa = PBXBuildFile; fileRef = 5094CB2A2AFE6F1D005FB29E /* Clubmain.swift */; };
		5094CB2E2AFE6F3F005FB29E /* TeamPgMain.swift in Sources */ = {isa = PBXBuildFile; fileRef = 5094CB2D2AFE6F3F005FB29E /* TeamPgMain.swift */; };
		5094CB302AFE727C005FB29E /* Activity.swift in Sources */ = {isa = PBXBuildFile; fileRef = 5094CB2F2AFE727C005FB29E /* Activity.swift */; };
		50FF06D12AE7645000B6330E /* LionLinkApp.swift in Sources */ = {isa = PBXBuildFile; fileRef = 50FF06D02AE7645000B6330E /* LionLinkApp.swift */; };
		50FF06D32AE7645000B6330E /* ContentView.swift in Sources */ = {isa = PBXBuildFile; fileRef = 50FF06D22AE7645000B6330E /* ContentView.swift */; };
		50FF06D52AE7645000B6330E /* Assets.xcassets in Resources */ = {isa = PBXBuildFile; fileRef = 50FF06D42AE7645000B6330E /* Assets.xcassets */; };
		50FF06D82AE7645000B6330E /* Preview Assets.xcassets in Resources */ = {isa = PBXBuildFile; fileRef = 50FF06D72AE7645000B6330E /* Preview Assets.xcassets */; };
		50FF06DF2AE7647700B6330E /* ProfileView.swift in Sources */ = {isa = PBXBuildFile; fileRef = 50FF06DE2AE7647700B6330E /* ProfileView.swift */; };
		50FF06E12AE764A800B6330E /* AuthView.swift in Sources */ = {isa = PBXBuildFile; fileRef = 50FF06E02AE764A800B6330E /* AuthView.swift */; };
		50FF06E32AE764C200B6330E /* SafariView.swift in Sources */ = {isa = PBXBuildFile; fileRef = 50FF06E22AE764C200B6330E /* SafariView.swift */; };
		50FF06E72AE7651600B6330E /* CalendarView.swift in Sources */ = {isa = PBXBuildFile; fileRef = 50FF06E62AE7651600B6330E /* CalendarView.swift */; };
		50FF071A2AE802B700B6330E /* SplashScreenView.swift in Sources */ = {isa = PBXBuildFile; fileRef = 50FF07192AE802B700B6330E /* SplashScreenView.swift */; };
		50FF07372AE8AC1100B6330E /* TimerView.swift in Sources */ = {isa = PBXBuildFile; fileRef = 50FF07362AE8AC1100B6330E /* TimerView.swift */; };
		50FF07392AE8B69500B6330E /* NextEvent.swift in Sources */ = {isa = PBXBuildFile; fileRef = 50FF07382AE8B69500B6330E /* NextEvent.swift */; };
/* End PBXBuildFile section */

/* Begin PBXFileReference section */
		500688522B1EFBCE0036B631 /* CustomTextField.swift */ = {isa = PBXFileReference; lastKnownFileType = sourcecode.swift; path = CustomTextField.swift; sourceTree = "<group>"; };
		500688542B1EFCAF0036B631 /* DayScheduleView.swift */ = {isa = PBXFileReference; lastKnownFileType = sourcecode.swift; path = DayScheduleView.swift; sourceTree = "<group>"; };
		500688562B1EFD3F0036B631 /* Event.swift */ = {isa = PBXFileReference; lastKnownFileType = sourcecode.swift; path = Event.swift; sourceTree = "<group>"; };
		500A96402B1A2D9E007BA636 /* CalendarNavBar.swift */ = {isa = PBXFileReference; lastKnownFileType = sourcecode.swift; path = CalendarNavBar.swift; sourceTree = "<group>"; };
		500A96422B1A2DC1007BA636 /* ClubNavBar.swift */ = {isa = PBXFileReference; lastKnownFileType = sourcecode.swift; path = ClubNavBar.swift; sourceTree = "<group>"; };
		500A96452B1A31B1007BA636 /* RoundedCorner.swift */ = {isa = PBXFileReference; lastKnownFileType = sourcecode.swift; path = RoundedCorner.swift; sourceTree = "<group>"; };
		501945CF2B07A6D50072E148 /* EventView.swift */ = {isa = PBXFileReference; lastKnownFileType = sourcecode.swift; path = EventView.swift; sourceTree = "<group>"; };
		5052F8F92B2008F300C2BC2B /* DayEventView.swift */ = {isa = PBXFileReference; lastKnownFileType = sourcecode.swift; path = DayEventView.swift; sourceTree = "<group>"; };
		5052F8FB2B202C3200C2BC2B /* DateSelectorView.swift */ = {isa = PBXFileReference; lastKnownFileType = sourcecode.swift; path = DateSelectorView.swift; sourceTree = "<group>"; };
		5052F8FD2B202D0000C2BC2B /* ListView.swift */ = {isa = PBXFileReference; lastKnownFileType = sourcecode.swift; path = ListView.swift; sourceTree = "<group>"; };
		5052F8FF2B202D6600C2BC2B /* ColView.swift */ = {isa = PBXFileReference; lastKnownFileType = sourcecode.swift; path = ColView.swift; sourceTree = "<group>"; };
		5052F9012B20313000C2BC2B /* CreateEventView.swift */ = {isa = PBXFileReference; lastKnownFileType = sourcecode.swift; path = CreateEventView.swift; sourceTree = "<group>"; };
		5058BC8F2AF09766007B3628 /* Profile.swift */ = {isa = PBXFileReference; lastKnownFileType = sourcecode.swift; path = Profile.swift; sourceTree = "<group>"; };
		5058BC912AF170EB007B3628 /* Info.plist */ = {isa = PBXFileReference; lastKnownFileType = text.plist; path = Info.plist; sourceTree = "<group>"; };
		5058BC922AF1DDBB007B3628 /* Account.swift */ = {isa = PBXFileReference; lastKnownFileType = sourcecode.swift; path = Account.swift; sourceTree = "<group>"; };
		5094CB272AFBEF9B005FB29E /* Hubmain.swift */ = {isa = PBXFileReference; lastKnownFileType = sourcecode.swift; path = Hubmain.swift; sourceTree = "<group>"; };
		5094CB2A2AFE6F1D005FB29E /* Clubmain.swift */ = {isa = PBXFileReference; lastKnownFileType = sourcecode.swift; path = Clubmain.swift; sourceTree = "<group>"; };
		5094CB2D2AFE6F3F005FB29E /* TeamPgMain.swift */ = {isa = PBXFileReference; lastKnownFileType = sourcecode.swift; path = TeamPgMain.swift; sourceTree = "<group>"; };
		5094CB2F2AFE727C005FB29E /* Activity.swift */ = {isa = PBXFileReference; lastKnownFileType = sourcecode.swift; path = Activity.swift; sourceTree = "<group>"; };
		50FF06CD2AE7645000B6330E /* LionLink.app */ = {isa = PBXFileReference; explicitFileType = wrapper.application; includeInIndex = 0; path = LionLink.app; sourceTree = BUILT_PRODUCTS_DIR; };
		50FF06D02AE7645000B6330E /* LionLinkApp.swift */ = {isa = PBXFileReference; lastKnownFileType = sourcecode.swift; path = LionLinkApp.swift; sourceTree = "<group>"; };
		50FF06D22AE7645000B6330E /* ContentView.swift */ = {isa = PBXFileReference; lastKnownFileType = sourcecode.swift; path = ContentView.swift; sourceTree = "<group>"; };
		50FF06D42AE7645000B6330E /* Assets.xcassets */ = {isa = PBXFileReference; lastKnownFileType = folder.assetcatalog; path = Assets.xcassets; sourceTree = "<group>"; };
		50FF06D72AE7645000B6330E /* Preview Assets.xcassets */ = {isa = PBXFileReference; lastKnownFileType = folder.assetcatalog; path = "Preview Assets.xcassets"; sourceTree = "<group>"; };
		50FF06DE2AE7647700B6330E /* ProfileView.swift */ = {isa = PBXFileReference; lastKnownFileType = sourcecode.swift; path = ProfileView.swift; sourceTree = "<group>"; };
		50FF06E02AE764A800B6330E /* AuthView.swift */ = {isa = PBXFileReference; lastKnownFileType = sourcecode.swift; path = AuthView.swift; sourceTree = "<group>"; };
		50FF06E22AE764C200B6330E /* SafariView.swift */ = {isa = PBXFileReference; lastKnownFileType = sourcecode.swift; path = SafariView.swift; sourceTree = "<group>"; };
		50FF06E62AE7651600B6330E /* CalendarView.swift */ = {isa = PBXFileReference; lastKnownFileType = sourcecode.swift; path = CalendarView.swift; sourceTree = "<group>"; };
		50FF07192AE802B700B6330E /* SplashScreenView.swift */ = {isa = PBXFileReference; lastKnownFileType = sourcecode.swift; path = SplashScreenView.swift; sourceTree = "<group>"; };
		50FF07362AE8AC1100B6330E /* TimerView.swift */ = {isa = PBXFileReference; lastKnownFileType = sourcecode.swift; path = TimerView.swift; sourceTree = "<group>"; };
		50FF07382AE8B69500B6330E /* NextEvent.swift */ = {isa = PBXFileReference; lastKnownFileType = sourcecode.swift; path = NextEvent.swift; sourceTree = "<group>"; };
/* End PBXFileReference section */

/* Begin PBXFrameworksBuildPhase section */
		50FF06CA2AE7645000B6330E /* Frameworks */ = {
			isa = PBXFrameworksBuildPhase;
			buildActionMask = 2147483647;
			files = (
			);
			runOnlyForDeploymentPostprocessing = 0;
		};
/* End PBXFrameworksBuildPhase section */

/* Begin PBXGroup section */
		500A96442B1A3199007BA636 /* General */ = {
			isa = PBXGroup;
			children = (
				500A96452B1A31B1007BA636 /* RoundedCorner.swift */,
			);
			path = General;
			sourceTree = "<group>";
		};
		5058BC8E2AF0972C007B3628 /* Pfp */ = {
			isa = PBXGroup;
			children = (
				50FF06DE2AE7647700B6330E /* ProfileView.swift */,
				5058BC8F2AF09766007B3628 /* Profile.swift */,
				5058BC922AF1DDBB007B3628 /* Account.swift */,
			);
			path = Pfp;
			sourceTree = "<group>";
		};
		5094CB262AFBEF83005FB29E /* Hub */ = {
			isa = PBXGroup;
			children = (
				5094CB272AFBEF9B005FB29E /* Hubmain.swift */,
				5094CB2F2AFE727C005FB29E /* Activity.swift */,
			);
			path = Hub;
			sourceTree = "<group>";
		};
		5094CB292AFE6EC2005FB29E /* Club */ = {
			isa = PBXGroup;
			children = (
				5094CB2A2AFE6F1D005FB29E /* Clubmain.swift */,
				500A96422B1A2DC1007BA636 /* ClubNavBar.swift */,
			);
			path = Club;
			sourceTree = "<group>";
		};
		5094CB2C2AFE6F2E005FB29E /* Sports */ = {
			isa = PBXGroup;
			children = (
				5094CB2D2AFE6F3F005FB29E /* TeamPgMain.swift */,
			);
			path = Sports;
			sourceTree = "<group>";
		};
		50FF06C42AE7645000B6330E = {
			isa = PBXGroup;
			children = (
				50FF06CF2AE7645000B6330E /* LionLink */,
				50FF06CE2AE7645000B6330E /* Products */,
			);
			sourceTree = "<group>";
		};
		50FF06CE2AE7645000B6330E /* Products */ = {
			isa = PBXGroup;
			children = (
				50FF06CD2AE7645000B6330E /* LionLink.app */,
			);
			name = Products;
			sourceTree = "<group>";
		};
		50FF06CF2AE7645000B6330E /* LionLink */ = {
			isa = PBXGroup;
			children = (
				500A96442B1A3199007BA636 /* General */,
				5094CB2C2AFE6F2E005FB29E /* Sports */,
				5094CB292AFE6EC2005FB29E /* Club */,
				5094CB262AFBEF83005FB29E /* Hub */,
				5058BC912AF170EB007B3628 /* Info.plist */,
				5058BC8E2AF0972C007B3628 /* Pfp */,
				50FF07182AE8029800B6330E /* Animation */,
				50FF06F92AE786A300B6330E /* Main Page */,
				50FF06F82AE7869A00B6330E /* GoogleAuth */,
				50FF06D02AE7645000B6330E /* LionLinkApp.swift */,
				50FF06D42AE7645000B6330E /* Assets.xcassets */,
				50FF06D62AE7645000B6330E /* Preview Content */,
			);
			path = LionLink;
			sourceTree = "<group>";
		};
		50FF06D62AE7645000B6330E /* Preview Content */ = {
			isa = PBXGroup;
			children = (
				50FF06D72AE7645000B6330E /* Preview Assets.xcassets */,
			);
			path = "Preview Content";
			sourceTree = "<group>";
		};
		50FF06F82AE7869A00B6330E /* GoogleAuth */ = {
			isa = PBXGroup;
			children = (
				50FF06E02AE764A800B6330E /* AuthView.swift */,
				50FF06E22AE764C200B6330E /* SafariView.swift */,
				50FF06D22AE7645000B6330E /* ContentView.swift */,
			);
			path = GoogleAuth;
			sourceTree = "<group>";
		};
		50FF06F92AE786A300B6330E /* Main Page */ = {
			isa = PBXGroup;
			children = (
				50FF06E62AE7651600B6330E /* CalendarView.swift */,
				50FF07362AE8AC1100B6330E /* TimerView.swift */,
				50FF07382AE8B69500B6330E /* NextEvent.swift */,
				501945CF2B07A6D50072E148 /* EventView.swift */,
				500A96402B1A2D9E007BA636 /* CalendarNavBar.swift */,
				500688522B1EFBCE0036B631 /* CustomTextField.swift */,
				500688542B1EFCAF0036B631 /* DayScheduleView.swift */,
				500688562B1EFD3F0036B631 /* Event.swift */,
				5052F8F92B2008F300C2BC2B /* DayEventView.swift */,
				5052F8FB2B202C3200C2BC2B /* DateSelectorView.swift */,
				5052F8FD2B202D0000C2BC2B /* ListView.swift */,
				5052F8FF2B202D6600C2BC2B /* ColView.swift */,
				5052F9012B20313000C2BC2B /* CreateEventView.swift */,
			);
			path = "Main Page";
			sourceTree = "<group>";
		};
		50FF07182AE8029800B6330E /* Animation */ = {
			isa = PBXGroup;
			children = (
				50FF07192AE802B700B6330E /* SplashScreenView.swift */,
			);
			path = Animation;
			sourceTree = "<group>";
		};
/* End PBXGroup section */

/* Begin PBXNativeTarget section */
		50FF06CC2AE7645000B6330E /* LionLink */ = {
			isa = PBXNativeTarget;
			buildConfigurationList = 50FF06DB2AE7645000B6330E /* Build configuration list for PBXNativeTarget "LionLink" */;
			buildPhases = (
				50FF06C92AE7645000B6330E /* Sources */,
				50FF06CA2AE7645000B6330E /* Frameworks */,
				50FF06CB2AE7645000B6330E /* Resources */,
			);
			buildRules = (
			);
			dependencies = (
			);
			name = LionLink;
			productName = LionLink;
			productReference = 50FF06CD2AE7645000B6330E /* LionLink.app */;
			productType = "com.apple.product-type.application";
		};
/* End PBXNativeTarget section */

/* Begin PBXProject section */
		50FF06C52AE7645000B6330E /* Project object */ = {
			isa = PBXProject;
			attributes = {
				BuildIndependentTargetsInParallel = 1;
				LastSwiftUpdateCheck = 1500;
				LastUpgradeCheck = 1500;
				TargetAttributes = {
					50FF06CC2AE7645000B6330E = {
						CreatedOnToolsVersion = 15.0.1;
					};
				};
			};
			buildConfigurationList = 50FF06C82AE7645000B6330E /* Build configuration list for PBXProject "LionLink" */;
			compatibilityVersion = "Xcode 14.0";
			developmentRegion = en;
			hasScannedForEncodings = 0;
			knownRegions = (
				en,
				Base,
			);
			mainGroup = 50FF06C42AE7645000B6330E;
			productRefGroup = 50FF06CE2AE7645000B6330E /* Products */;
			projectDirPath = "";
			projectRoot = "";
			targets = (
				50FF06CC2AE7645000B6330E /* LionLink */,
			);
		};
/* End PBXProject section */

/* Begin PBXResourcesBuildPhase section */
		50FF06CB2AE7645000B6330E /* Resources */ = {
			isa = PBXResourcesBuildPhase;
			buildActionMask = 2147483647;
			files = (
				50FF06D82AE7645000B6330E /* Preview Assets.xcassets in Resources */,
				50FF06D52AE7645000B6330E /* Assets.xcassets in Resources */,
			);
			runOnlyForDeploymentPostprocessing = 0;
		};
/* End PBXResourcesBuildPhase section */

/* Begin PBXSourcesBuildPhase section */
		50FF06C92AE7645000B6330E /* Sources */ = {
			isa = PBXSourcesBuildPhase;
			buildActionMask = 2147483647;
			files = (
				500688552B1EFCAF0036B631 /* DayScheduleView.swift in Sources */,
				5094CB282AFBEF9B005FB29E /* Hubmain.swift in Sources */,
				50FF071A2AE802B700B6330E /* SplashScreenView.swift in Sources */,
				5052F8FC2B202C3200C2BC2B /* DateSelectorView.swift in Sources */,
				50FF07372AE8AC1100B6330E /* TimerView.swift in Sources */,
				500A96412B1A2D9E007BA636 /* CalendarNavBar.swift in Sources */,
				50FF06E72AE7651600B6330E /* CalendarView.swift in Sources */,
				5052F8FE2B202D0000C2BC2B /* ListView.swift in Sources */,
				5094CB2B2AFE6F1D005FB29E /* Clubmain.swift in Sources */,
				5052F9002B202D6600C2BC2B /* ColView.swift in Sources */,
				5058BC932AF1DDBB007B3628 /* Account.swift in Sources */,
				50FF06D32AE7645000B6330E /* ContentView.swift in Sources */,
				500688532B1EFBCE0036B631 /* CustomTextField.swift in Sources */,
				501945D02B07A6D50072E148 /* EventView.swift in Sources */,
				50FF06DF2AE7647700B6330E /* ProfileView.swift in Sources */,
				5052F9022B20313000C2BC2B /* CreateEventView.swift in Sources */,
				5052F8FA2B2008F300C2BC2B /* DayEventView.swift in Sources */,
				500688572B1EFD3F0036B631 /* Event.swift in Sources */,
				5094CB302AFE727C005FB29E /* Activity.swift in Sources */,
				50FF06E12AE764A800B6330E /* AuthView.swift in Sources */,
				5058BC902AF09766007B3628 /* Profile.swift in Sources */,
				5094CB2E2AFE6F3F005FB29E /* TeamPgMain.swift in Sources */,
				50FF06D12AE7645000B6330E /* LionLinkApp.swift in Sources */,
				50FF07392AE8B69500B6330E /* NextEvent.swift in Sources */,
				500A96462B1A31B1007BA636 /* RoundedCorner.swift in Sources */,
				500A96432B1A2DC1007BA636 /* ClubNavBar.swift in Sources */,
				50FF06E32AE764C200B6330E /* SafariView.swift in Sources */,
			);
			runOnlyForDeploymentPostprocessing = 0;
		};
/* End PBXSourcesBuildPhase section */

/* Begin XCBuildConfiguration section */
		50FF06D92AE7645000B6330E /* Debug */ = {
			isa = XCBuildConfiguration;
			buildSettings = {
				ALWAYS_SEARCH_USER_PATHS = NO;
				ASSETCATALOG_COMPILER_GENERATE_SWIFT_ASSET_SYMBOL_EXTENSIONS = YES;
				CLANG_ANALYZER_NONNULL = YES;
				CLANG_ANALYZER_NUMBER_OBJECT_CONVERSION = YES_AGGRESSIVE;
				CLANG_CXX_LANGUAGE_STANDARD = "gnu++20";
				CLANG_ENABLE_MODULES = YES;
				CLANG_ENABLE_OBJC_ARC = YES;
				CLANG_ENABLE_OBJC_WEAK = YES;
				CLANG_WARN_BLOCK_CAPTURE_AUTORELEASING = YES;
				CLANG_WARN_BOOL_CONVERSION = YES;
				CLANG_WARN_COMMA = YES;
				CLANG_WARN_CONSTANT_CONVERSION = YES;
				CLANG_WARN_DEPRECATED_OBJC_IMPLEMENTATIONS = YES;
				CLANG_WARN_DIRECT_OBJC_ISA_USAGE = YES_ERROR;
				CLANG_WARN_DOCUMENTATION_COMMENTS = YES;
				CLANG_WARN_EMPTY_BODY = YES;
				CLANG_WARN_ENUM_CONVERSION = YES;
				CLANG_WARN_INFINITE_RECURSION = YES;
				CLANG_WARN_INT_CONVERSION = YES;
				CLANG_WARN_NON_LITERAL_NULL_CONVERSION = YES;
				CLANG_WARN_OBJC_IMPLICIT_RETAIN_SELF = YES;
				CLANG_WARN_OBJC_LITERAL_CONVERSION = YES;
				CLANG_WARN_OBJC_ROOT_CLASS = YES_ERROR;
				CLANG_WARN_QUOTED_INCLUDE_IN_FRAMEWORK_HEADER = YES;
				CLANG_WARN_RANGE_LOOP_ANALYSIS = YES;
				CLANG_WARN_STRICT_PROTOTYPES = YES;
				CLANG_WARN_SUSPICIOUS_MOVE = YES;
				CLANG_WARN_UNGUARDED_AVAILABILITY = YES_AGGRESSIVE;
				CLANG_WARN_UNREACHABLE_CODE = YES;
				CLANG_WARN__DUPLICATE_METHOD_MATCH = YES;
				COPY_PHASE_STRIP = NO;
				DEBUG_INFORMATION_FORMAT = dwarf;
				ENABLE_STRICT_OBJC_MSGSEND = YES;
				ENABLE_TESTABILITY = YES;
				ENABLE_USER_SCRIPT_SANDBOXING = YES;
				GCC_C_LANGUAGE_STANDARD = gnu17;
				GCC_DYNAMIC_NO_PIC = NO;
				GCC_NO_COMMON_BLOCKS = YES;
				GCC_OPTIMIZATION_LEVEL = 0;
				GCC_PREPROCESSOR_DEFINITIONS = (
					"DEBUG=1",
					"$(inherited)",
				);
				GCC_WARN_64_TO_32_BIT_CONVERSION = YES;
				GCC_WARN_ABOUT_RETURN_TYPE = YES_ERROR;
				GCC_WARN_UNDECLARED_SELECTOR = YES;
				GCC_WARN_UNINITIALIZED_AUTOS = YES_AGGRESSIVE;
				GCC_WARN_UNUSED_FUNCTION = YES;
				GCC_WARN_UNUSED_VARIABLE = YES;
				IPHONEOS_DEPLOYMENT_TARGET = 17.0;
				LOCALIZATION_PREFERS_STRING_CATALOGS = YES;
				MTL_ENABLE_DEBUG_INFO = INCLUDE_SOURCE;
				MTL_FAST_MATH = YES;
				ONLY_ACTIVE_ARCH = YES;
				SDKROOT = iphoneos;
				SWIFT_ACTIVE_COMPILATION_CONDITIONS = "DEBUG $(inherited)";
				SWIFT_OPTIMIZATION_LEVEL = "-Onone";
			};
			name = Debug;
		};
		50FF06DA2AE7645000B6330E /* Release */ = {
			isa = XCBuildConfiguration;
			buildSettings = {
				ALWAYS_SEARCH_USER_PATHS = NO;
				ASSETCATALOG_COMPILER_GENERATE_SWIFT_ASSET_SYMBOL_EXTENSIONS = YES;
				CLANG_ANALYZER_NONNULL = YES;
				CLANG_ANALYZER_NUMBER_OBJECT_CONVERSION = YES_AGGRESSIVE;
				CLANG_CXX_LANGUAGE_STANDARD = "gnu++20";
				CLANG_ENABLE_MODULES = YES;
				CLANG_ENABLE_OBJC_ARC = YES;
				CLANG_ENABLE_OBJC_WEAK = YES;
				CLANG_WARN_BLOCK_CAPTURE_AUTORELEASING = YES;
				CLANG_WARN_BOOL_CONVERSION = YES;
				CLANG_WARN_COMMA = YES;
				CLANG_WARN_CONSTANT_CONVERSION = YES;
				CLANG_WARN_DEPRECATED_OBJC_IMPLEMENTATIONS = YES;
				CLANG_WARN_DIRECT_OBJC_ISA_USAGE = YES_ERROR;
				CLANG_WARN_DOCUMENTATION_COMMENTS = YES;
				CLANG_WARN_EMPTY_BODY = YES;
				CLANG_WARN_ENUM_CONVERSION = YES;
				CLANG_WARN_INFINITE_RECURSION = YES;
				CLANG_WARN_INT_CONVERSION = YES;
				CLANG_WARN_NON_LITERAL_NULL_CONVERSION = YES;
				CLANG_WARN_OBJC_IMPLICIT_RETAIN_SELF = YES;
				CLANG_WARN_OBJC_LITERAL_CONVERSION = YES;
				CLANG_WARN_OBJC_ROOT_CLASS = YES_ERROR;
				CLANG_WARN_QUOTED_INCLUDE_IN_FRAMEWORK_HEADER = YES;
				CLANG_WARN_RANGE_LOOP_ANALYSIS = YES;
				CLANG_WARN_STRICT_PROTOTYPES = YES;
				CLANG_WARN_SUSPICIOUS_MOVE = YES;
				CLANG_WARN_UNGUARDED_AVAILABILITY = YES_AGGRESSIVE;
				CLANG_WARN_UNREACHABLE_CODE = YES;
				CLANG_WARN__DUPLICATE_METHOD_MATCH = YES;
				COPY_PHASE_STRIP = NO;
				DEBUG_INFORMATION_FORMAT = "dwarf-with-dsym";
				ENABLE_NS_ASSERTIONS = NO;
				ENABLE_STRICT_OBJC_MSGSEND = YES;
				ENABLE_USER_SCRIPT_SANDBOXING = YES;
				GCC_C_LANGUAGE_STANDARD = gnu17;
				GCC_NO_COMMON_BLOCKS = YES;
				GCC_WARN_64_TO_32_BIT_CONVERSION = YES;
				GCC_WARN_ABOUT_RETURN_TYPE = YES_ERROR;
				GCC_WARN_UNDECLARED_SELECTOR = YES;
				GCC_WARN_UNINITIALIZED_AUTOS = YES_AGGRESSIVE;
				GCC_WARN_UNUSED_FUNCTION = YES;
				GCC_WARN_UNUSED_VARIABLE = YES;
				IPHONEOS_DEPLOYMENT_TARGET = 17.0;
				LOCALIZATION_PREFERS_STRING_CATALOGS = YES;
				MTL_ENABLE_DEBUG_INFO = NO;
				MTL_FAST_MATH = YES;
				SDKROOT = iphoneos;
				SWIFT_COMPILATION_MODE = wholemodule;
				VALIDATE_PRODUCT = YES;
			};
			name = Release;
		};
		50FF06DC2AE7645000B6330E /* Debug */ = {
			isa = XCBuildConfiguration;
			buildSettings = {
				ASSETCATALOG_COMPILER_APPICON_NAME = AppIcon;
				ASSETCATALOG_COMPILER_GLOBAL_ACCENT_COLOR_NAME = AccentColor;
				CODE_SIGN_STYLE = Automatic;
				CURRENT_PROJECT_VERSION = 1;
				DEVELOPMENT_ASSET_PATHS = "\"LionLink/Preview Content\"";
				DEVELOPMENT_TEAM = 6G2JW7RS8R;
				ENABLE_PREVIEWS = YES;
				GENERATE_INFOPLIST_FILE = YES;
				INFOPLIST_FILE = LionLink/Info.plist;
				INFOPLIST_KEY_NSCameraUsageDescription = "This app requires access to the camera to take photos.";
				INFOPLIST_KEY_NSPhotoLibraryUsageDescription = "This app requires access to the photo library to choose photos.";
				INFOPLIST_KEY_UIApplicationSceneManifest_Generation = YES;
				INFOPLIST_KEY_UIApplicationSupportsIndirectInputEvents = YES;
				INFOPLIST_KEY_UILaunchScreen_Generation = YES;
				INFOPLIST_KEY_UISupportedInterfaceOrientations_iPad = "UIInterfaceOrientationPortrait UIInterfaceOrientationPortraitUpsideDown UIInterfaceOrientationLandscapeLeft UIInterfaceOrientationLandscapeRight";
				INFOPLIST_KEY_UISupportedInterfaceOrientations_iPhone = "UIInterfaceOrientationPortrait UIInterfaceOrientationLandscapeLeft UIInterfaceOrientationLandscapeRight";
				LD_RUNPATH_SEARCH_PATHS = (
					"$(inherited)",
					"@executable_path/Frameworks",
				);
				MARKETING_VERSION = 1.0;
				PRODUCT_BUNDLE_IDENTIFIER = jamessabet.LionLink;
				PRODUCT_NAME = "$(TARGET_NAME)";
				SWIFT_EMIT_LOC_STRINGS = YES;
				SWIFT_VERSION = 5.0;
				TARGETED_DEVICE_FAMILY = "1,2";
			};
			name = Debug;
		};
		50FF06DD2AE7645000B6330E /* Release */ = {
			isa = XCBuildConfiguration;
			buildSettings = {
				ASSETCATALOG_COMPILER_APPICON_NAME = AppIcon;
				ASSETCATALOG_COMPILER_GLOBAL_ACCENT_COLOR_NAME = AccentColor;
				CODE_SIGN_STYLE = Automatic;
				CURRENT_PROJECT_VERSION = 1;
				DEVELOPMENT_ASSET_PATHS = "\"LionLink/Preview Content\"";
				DEVELOPMENT_TEAM = 6G2JW7RS8R;
				ENABLE_PREVIEWS = YES;
				GENERATE_INFOPLIST_FILE = YES;
				INFOPLIST_FILE = LionLink/Info.plist;
				INFOPLIST_KEY_NSCameraUsageDescription = "This app requires access to the camera to take photos.";
				INFOPLIST_KEY_NSPhotoLibraryUsageDescription = "This app requires access to the photo library to choose photos.";
				INFOPLIST_KEY_UIApplicationSceneManifest_Generation = YES;
				INFOPLIST_KEY_UIApplicationSupportsIndirectInputEvents = YES;
				INFOPLIST_KEY_UILaunchScreen_Generation = YES;
				INFOPLIST_KEY_UISupportedInterfaceOrientations_iPad = "UIInterfaceOrientationPortrait UIInterfaceOrientationPortraitUpsideDown UIInterfaceOrientationLandscapeLeft UIInterfaceOrientationLandscapeRight";
				INFOPLIST_KEY_UISupportedInterfaceOrientations_iPhone = "UIInterfaceOrientationPortrait UIInterfaceOrientationLandscapeLeft UIInterfaceOrientationLandscapeRight";
				LD_RUNPATH_SEARCH_PATHS = (
					"$(inherited)",
					"@executable_path/Frameworks",
				);
				MARKETING_VERSION = 1.0;
				PRODUCT_BUNDLE_IDENTIFIER = jamessabet.LionLink;
				PRODUCT_NAME = "$(TARGET_NAME)";
				SWIFT_EMIT_LOC_STRINGS = YES;
				SWIFT_VERSION = 5.0;
				TARGETED_DEVICE_FAMILY = "1,2";
			};
			name = Release;
		};
/* End XCBuildConfiguration section */

/* Begin XCConfigurationList section */
		50FF06C82AE7645000B6330E /* Build configuration list for PBXProject "LionLink" */ = {
			isa = XCConfigurationList;
			buildConfigurations = (
				50FF06D92AE7645000B6330E /* Debug */,
				50FF06DA2AE7645000B6330E /* Release */,
			);
			defaultConfigurationIsVisible = 0;
			defaultConfigurationName = Release;
		};
		50FF06DB2AE7645000B6330E /* Build configuration list for PBXNativeTarget "LionLink" */ = {
			isa = XCConfigurationList;
			buildConfigurations = (
				50FF06DC2AE7645000B6330E /* Debug */,
				50FF06DD2AE7645000B6330E /* Release */,
			);
			defaultConfigurationIsVisible = 0;
			defaultConfigurationName = Release;
		};
/* End XCConfigurationList section */
	};
	rootObject = 50FF06C52AE7645000B6330E /* Project object */;
}
